
Microsoft Visual Studio Solution File, Format Version 12.00
# Visual Studio Version 17
VisualStudioVersion = 17.0.31919.166
MinimumVisualStudioVersion = 10.0.40219.1
Project("{2150E333-8FDC-42A3-9474-1A3956D46DE8}") = "Solution Items", "Solution Items", "{7364A041-CE0B-4005-8E73-2763401BBED9}"
	ProjectSection(SolutionItems) = preProject
		TextFile1.txt = TextFile1.txt
	EndProjectSection
EndProject
Project("{FAE04EC0-301F-11D3-BF4B-00C04F79EFBC}") = "EntityLayer", "EntityLayer\EntityLayer.csproj", "{4DBA0D37-C153-4C80-AD6A-6495899A2056}"
EndProject
Project("{FAE04EC0-301F-11D3-BF4B-00C04F79EFBC}") = "DataAccessLayer", "DataAccessLayer\DataAccessLayer.csproj", "{07BCD241-D938-4959-8B40-C95C4D705F53}"
EndProject
Project("{FAE04EC0-301F-11D3-BF4B-00C04F79EFBC}") = "ServiceLayer", "ServiceLayer\ServiceLayer.csproj", "{1F223373-8846-46D5-8FC9-EC8C14A359D1}"
EndProject
Global
	GlobalSection(SolutionConfigurationPlatforms) = preSolution
		Debug|Any CPU = Debug|Any CPU
		Release|Any CPU = Release|Any CPU
	EndGlobalSection
	GlobalSection(ProjectConfigurationPlatforms) = postSolution
		{4DBA0D37-C153-4C80-AD6A-6495899A2056}.Debug|Any CPU.ActiveCfg = Debug|Any CPU
		{4DBA0D37-C153-4C80-AD6A-6495899A2056}.Debug|Any CPU.Build.0 = Debug|Any CPU
		{4DBA0D37-C153-4C80-AD6A-6495899A2056}.Release|Any CPU.ActiveCfg = Release|Any CPU
		{4DBA0D37-C153-4C80-AD6A-6495899A2056}.Release|Any CPU.Build.0 = Release|Any CPU
		{07BCD241-D938-4959-8B40-C95C4D705F53}.Debug|Any CPU.ActiveCfg = Debug|Any CPU
		{07BCD241-D938-4959-8B40-C95C4D705F53}.Debug|Any CPU.Build.0 = Debug|Any CPU
		{07BCD241-D938-4959-8B40-C95C4D705F53}.Release|Any CPU.ActiveCfg = Release|Any CPU
		{07BCD241-D938-4959-8B40-C95C4D705F53}.Release|Any CPU.Build.0 = Release|Any CPU
		{1F223373-8846-46D5-8FC9-EC8C14A359D1}.Debug|Any CPU.ActiveCfg = Debug|Any CPU
		{1F223373-8846-46D5-8FC9-EC8C14A359D1}.Debug|Any CPU.Build.0 = Debug|Any CPU
		{1F223373-8846-46D5-8FC9-EC8C14A359D1}.Release|Any CPU.ActiveCfg = Release|Any CPU
		{1F223373-8846-46D5-8FC9-EC8C14A359D1}.Release|Any CPU.Build.0 = Release|Any CPU
	EndGlobalSection
	GlobalSection(SolutionProperties) = preSolution
		HideSolutionNode = FALSE
	EndGlobalSection
	GlobalSection(ExtensibilityGlobals) = postSolution
		SolutionGuid = {63B15D02-DB80-4904-8D7A-B4D6E17AD584}
	EndGlobalSection
EndGlobal
